
Microsoft Visual Studio Solution File, Format Version 12.00
# Visual Studio Version 17
VisualStudioVersion = 17.4.33205.214
MinimumVisualStudioVersion = 10.0.40219.1
Project("{FAE04EC0-301F-11D3-BF4B-00C04F79EFBC}") = "MethodsPractise", "MethodsPractise\MethodsPractise.csproj", "{25C7D534-6BBE-41BD-B0B0-3EF31A8B934B}"
EndProject
Global
	GlobalSection(SolutionConfigurationPlatforms) = preSolution
		Debug|Any CPU = Debug|Any CPU
		Release|Any CPU = Release|Any CPU
	EndGlobalSection
	GlobalSection(ProjectConfigurationPlatforms) = postSolution
		{25C7D534-6BBE-41BD-B0B0-3EF31A8B934B}.Debug|Any CPU.ActiveCfg = Debug|Any CPU
		{25C7D534-6BBE-41BD-B0B0-3EF31A8B934B}.Debug|Any CPU.Build.0 = Debug|Any CPU
		{25C7D534-6BBE-41BD-B0B0-3EF31A8B934B}.Release|Any CPU.ActiveCfg = Release|Any CPU
		{25C7D534-6BBE-41BD-B0B0-3EF31A8B934B}.Release|Any CPU.Build.0 = Release|Any CPU
	EndGlobalSection
	GlobalSection(SolutionProperties) = preSolution
		HideSolutionNode = FALSE
	EndGlobalSection
	GlobalSection(ExtensibilityGlobals) = postSolution
		SolutionGuid = {91D9371F-C547-439E-9D6A-34B5260305CB}
	EndGlobalSection
EndGlobal
